Microsoft Visual Studio Solution File, Format Version 11.00
# Visual Studio 2008

Project("{216D0622-DE70-FF6C-ADB7-0DD0642054F9}") = "day_night_cycle", "Assembly-CSharp-firstpass.csproj", "{F86D7877-A815-18C2-6DDD-8199E23AE2BB}"
EndProject
Project("{216D0622-DE70-FF6C-ADB7-0DD0642054F9}") = "day_night_cycle", "Assembly-UnityScript-firstpass.unityproj", "{7D91F282-2E49-69BC-AFA4-E99EEE15E0CC}"
EndProject
Project("{216D0622-DE70-FF6C-ADB7-0DD0642054F9}") = "day_night_cycle", "Assembly-UnityScript.unityproj", "{A0A4258F-BA80-8FFB-9026-1580B07C96D7}"
EndProject
Global
	GlobalSection(SolutionConfigurationPlatforms) = preSolution
		Debug|Any CPU = Debug|Any CPU
		Release|Any CPU = Release|Any CPU
	EndGlobalSection
	GlobalSection(ProjectConfigurationPlatforms) = postSolution
		{F86D7877-A815-18C2-6DDD-8199E23AE2BB}.Debug|Any CPU.ActiveCfg = Debug|Any CPU
		{F86D7877-A815-18C2-6DDD-8199E23AE2BB}.Debug|Any CPU.Build.0 = Debug|Any CPU
		{F86D7877-A815-18C2-6DDD-8199E23AE2BB}.Release|Any CPU.ActiveCfg = Release|Any CPU
		{F86D7877-A815-18C2-6DDD-8199E23AE2BB}.Release|Any CPU.Build.0 = Release|Any CPU
		{7D91F282-2E49-69BC-AFA4-E99EEE15E0CC}.Debug|Any CPU.ActiveCfg = Debug|Any CPU
		{7D91F282-2E49-69BC-AFA4-E99EEE15E0CC}.Debug|Any CPU.Build.0 = Debug|Any CPU
		{7D91F282-2E49-69BC-AFA4-E99EEE15E0CC}.Release|Any CPU.ActiveCfg = Release|Any CPU
		{7D91F282-2E49-69BC-AFA4-E99EEE15E0CC}.Release|Any CPU.Build.0 = Release|Any CPU
		{A0A4258F-BA80-8FFB-9026-1580B07C96D7}.Debug|Any CPU.ActiveCfg = Debug|Any CPU
		{A0A4258F-BA80-8FFB-9026-1580B07C96D7}.Debug|Any CPU.Build.0 = Debug|Any CPU
		{A0A4258F-BA80-8FFB-9026-1580B07C96D7}.Release|Any CPU.ActiveCfg = Release|Any CPU
		{A0A4258F-BA80-8FFB-9026-1580B07C96D7}.Release|Any CPU.Build.0 = Release|Any CPU
	EndGlobalSection
	GlobalSection(SolutionProperties) = preSolution
		HideSolutionNode = FALSE
	EndGlobalSection
										GlobalSection(MonoDevelopProperties) = preSolution
		StartupItem = Assembly-CSharp.csproj
		Policies = $0
		$0.TextStylePolicy = $1
		$1.inheritsSet = null
		$1.scope = text/x-csharp
		$0.CSharpFormattingPolicy = $2
		$2.inheritsSet = Mono
		$2.inheritsScope = text/x-csharp
		$2.scope = text/x-csharp
		$0.TextStylePolicy = $3
		$3.FileWidth = 120
		$3.TabWidth = 4
		$3.EolMarker = Unix
		$3.inheritsSet = Mono
		$3.inheritsScope = text/plain
		$3.scope = text/plain
	EndGlobalSection

EndGlobal
